
Microsoft Visual Studio Solution File, Format Version 12.00
# Visual Studio 15
VisualStudioVersion = 15.0.27703.2035
MinimumVisualStudioVersion = 10.0.40219.1
Project("{FAE04EC0-301F-11D3-BF4B-00C04F79EFBC}") = "WindowsFormsApp1", "WindowsFormsApp1\WindowsFormsApp1.csproj", "{875F6FD7-CE33-434F-9DB8-34716F41473A}"
EndProject
Global
	GlobalSection(SolutionConfigurationPlatforms) = preSolution
		Debug|Any CPU = Debug|Any CPU
		Release|Any CPU = Release|Any CPU
	EndGlobalSection
	GlobalSection(ProjectConfigurationPlatforms) = postSolution
		{875F6FD7-CE33-434F-9DB8-34716F41473A}.Debug|Any CPU.ActiveCfg = Debug|Any CPU
		{875F6FD7-CE33-434F-9DB8-34716F41473A}.Debug|Any CPU.Build.0 = Debug|Any CPU
		{875F6FD7-CE33-434F-9DB8-34716F41473A}.Release|Any CPU.ActiveCfg = Release|Any CPU
		{875F6FD7-CE33-434F-9DB8-34716F41473A}.Release|Any CPU.Build.0 = Release|Any CPU
	EndGlobalSection
	GlobalSection(SolutionProperties) = preSolution
		HideSolutionNode = FALSE
	EndGlobalSection
	GlobalSection(ExtensibilityGlobals) = postSolution
		SolutionGuid = {83FAEF0B-BC2E-4290-85D8-EE31F251C840}
	EndGlobalSection
EndGlobal
